// !$*UTF8*$!
{
	archiveVersion = 1;
	classes = {
	};
	objectVersion = 46;
	objects = {

/* Begin PBXBuildFile section */
		3EBD69ED1B7D7CD600C5B976 /* ImageSharedManager.m in Sources */ = {isa = PBXBuildFile; fileRef = 3EBD69EC1B7D7CD600C5B976 /* ImageSharedManager.m */; };
		3EBFF2971B7491C200A4AADD /* main.m in Sources */ = {isa = PBXBuildFile; fileRef = 3EBFF2961B7491C200A4AADD /* main.m */; };
		3EBFF29A1B7491C200A4AADD /* AppDelegate.m in Sources */ = {isa = PBXBuildFile; fileRef = 3EBFF2991B7491C200A4AADD /* AppDelegate.m */; };
		3EBFF29D1B7491C200A4AADD /* ViewController.m in Sources */ = {isa = PBXBuildFile; fileRef = 3EBFF29C1B7491C200A4AADD /* ViewController.m */; };
		3EBFF2A01B7491C200A4AADD /* Main.storyboard in Resources */ = {isa = PBXBuildFile; fileRef = 3EBFF29E1B7491C200A4AADD /* Main.storyboard */; };
		3EBFF2A21B7491C200A4AADD /* Images.xcassets in Resources */ = {isa = PBXBuildFile; fileRef = 3EBFF2A11B7491C200A4AADD /* Images.xcassets */; };
		3EBFF2A51B7491C200A4AADD /* LaunchScreen.xib in Resources */ = {isa = PBXBuildFile; fileRef = 3EBFF2A31B7491C200A4AADD /* LaunchScreen.xib */; };
		3EBFF2B11B7491C200A4AADD /* ImageDemoTests.m in Sources */ = {isa = PBXBuildFile; fileRef = 3EBFF2B01B7491C200A4AADD /* ImageDemoTests.m */; };
		3EBFF2DC1B74942300A4AADD /* MKAnnotationView+WebCache.m in Sources */ = {isa = PBXBuildFile; fileRef = 3EBFF2BC1B74942300A4AADD /* MKAnnotationView+WebCache.m */; };
		3EBFF2DD1B74942300A4AADD /* NSData+ImageContentType.m in Sources */ = {isa = PBXBuildFile; fileRef = 3EBFF2BE1B74942300A4AADD /* NSData+ImageContentType.m */; };
		3EBFF2DE1B74942300A4AADD /* SDImageCache.m in Sources */ = {isa = PBXBuildFile; fileRef = 3EBFF2C01B74942300A4AADD /* SDImageCache.m */; };
		3EBFF2DF1B74942300A4AADD /* SDWebImageCompat.m in Sources */ = {isa = PBXBuildFile; fileRef = 3EBFF2C21B74942300A4AADD /* SDWebImageCompat.m */; };
		3EBFF2E01B74942300A4AADD /* SDWebImageDecoder.m in Sources */ = {isa = PBXBuildFile; fileRef = 3EBFF2C41B74942300A4AADD /* SDWebImageDecoder.m */; };
		3EBFF2E11B74942300A4AADD /* SDWebImageDownloader.m in Sources */ = {isa = PBXBuildFile; fileRef = 3EBFF2C61B74942300A4AADD /* SDWebImageDownloader.m */; };
		3EBFF2E21B74942300A4AADD /* SDWebImageDownloaderOperation.m in Sources */ = {isa = PBXBuildFile; fileRef = 3EBFF2C81B74942300A4AADD /* SDWebImageDownloaderOperation.m */; };
		3EBFF2E31B74942300A4AADD /* SDWebImageManager.m in Sources */ = {isa = PBXBuildFile; fileRef = 3EBFF2CA1B74942300A4AADD /* SDWebImageManager.m */; };
		3EBFF2E41B74942300A4AADD /* SDWebImagePrefetcher.m in Sources */ = {isa = PBXBuildFile; fileRef = 3EBFF2CD1B74942300A4AADD /* SDWebImagePrefetcher.m */; };
		3EBFF2E51B74942300A4AADD /* UIButton+WebCache.m in Sources */ = {isa = PBXBuildFile; fileRef = 3EBFF2CF1B74942300A4AADD /* UIButton+WebCache.m */; };
		3EBFF2E61B74942300A4AADD /* UIImage+GIF.m in Sources */ = {isa = PBXBuildFile; fileRef = 3EBFF2D11B74942300A4AADD /* UIImage+GIF.m */; };
		3EBFF2E71B74942300A4AADD /* UIImage+MultiFormat.m in Sources */ = {isa = PBXBuildFile; fileRef = 3EBFF2D31B74942300A4AADD /* UIImage+MultiFormat.m */; };
		3EBFF2E81B74942300A4AADD /* UIImage+WebP.m in Sources */ = {isa = PBXBuildFile; fileRef = 3EBFF2D51B74942300A4AADD /* UIImage+WebP.m */; };
		3EBFF2E91B74942300A4AADD /* UIImageView+HighlightedWebCache.m in Sources */ = {isa = PBXBuildFile; fileRef = 3EBFF2D71B74942300A4AADD /* UIImageView+HighlightedWebCache.m */; };
		3EBFF2EA1B74942300A4AADD /* UIImageView+WebCache.m in Sources */ = {isa = PBXBuildFile; fileRef = 3EBFF2D91B74942300A4AADD /* UIImageView+WebCache.m */; };
		3EBFF2EB1B74942300A4AADD /* UIView+WebCacheOperation.m in Sources */ = {isa = PBXBuildFile; fileRef = 3EBFF2DB1B74942300A4AADD /* UIView+WebCacheOperation.m */; };
		3EBFF2EE1B74A59D00A4AADD /* SlideImage.swift in Sources */ = {isa = PBXBuildFile; fileRef = 3EBFF2ED1B74A59D00A4AADD /* SlideImage.swift */; };
		3EBFF2F11B74A85800A4AADD /* UIImageCollectionView.m in Sources */ = {isa = PBXBuildFile; fileRef = 3EBFF2F01B74A85800A4AADD /* UIImageCollectionView.m */; };
		3EFDF3781B79B76F008990E1 /* none_photo.png in Resources */ = {isa = PBXBuildFile; fileRef = 3EFDF3771B79B76F008990E1 /* none_photo.png */; };
/* End PBXBuildFile section */

/* Begin PBXContainerItemProxy section */
		3EBFF2AB1B7491C200A4AADD /* PBXContainerItemProxy */ = {
			isa = PBXContainerItemProxy;
			containerPortal = 3EBFF2891B7491C200A4AADD /* Project object */;
			proxyType = 1;
			remoteGlobalIDString = 3EBFF2901B7491C200A4AADD;
			remoteInfo = ImageDemo;
		};
/* End PBXContainerItemProxy section */

/* Begin PBXFileReference section */
		3EBD69EB1B7D7CD600C5B976 /* ImageSharedManager.h */ = {isa = PBXFileReference; fileEncoding = 4; lastKnownFileType = sourcecode.c.h; path = ImageSharedManager.h; sourceTree = "<group>"; };
		3EBD69EC1B7D7CD600C5B976 /* ImageSharedManager.m */ = {isa = PBXFileReference; fileEncoding = 4; lastKnownFileType = sourcecode.c.objc; path = ImageSharedManager.m; sourceTree = "<group>"; };
		3EBFF2911B7491C200A4AADD /* ImageDemo.app */ = {isa = PBXFileReference; explicitFileType = wrapper.application; includeInIndex = 0; path = ImageDemo.app; sourceTree = BUILT_PRODUCTS_DIR; };
		3EBFF2951B7491C200A4AADD /* Info.plist */ = {isa = PBXFileReference; lastKnownFileType = text.plist.xml; path = Info.plist; sourceTree = "<group>"; };
		3EBFF2961B7491C200A4AADD /* main.m */ = {isa = PBXFileReference; lastKnownFileType = sourcecode.c.objc; path = main.m; sourceTree = "<group>"; };
		3EBFF2981B7491C200A4AADD /* AppDelegate.h */ = {isa = PBXFileReference; lastKnownFileType = sourcecode.c.h; path = AppDelegate.h; sourceTree = "<group>"; };
		3EBFF2991B7491C200A4AADD /* AppDelegate.m */ = {isa = PBXFileReference; lastKnownFileType = sourcecode.c.objc; path = AppDelegate.m; sourceTree = "<group>"; };
		3EBFF29B1B7491C200A4AADD /* ViewController.h */ = {isa = PBXFileReference; lastKnownFileType = sourcecode.c.h; path = ViewController.h; sourceTree = "<group>"; };
		3EBFF29C1B7491C200A4AADD /* ViewController.m */ = {isa = PBXFileReference; lastKnownFileType = sourcecode.c.objc; path = ViewController.m; sourceTree = "<group>"; };
		3EBFF29F1B7491C200A4AADD /* Base */ = {isa = PBXFileReference; lastKnownFileType = file.storyboard; name = Base; path = Base.lproj/Main.storyboard; sourceTree = "<group>"; };
		3EBFF2A11B7491C200A4AADD /* Images.xcassets */ = {isa = PBXFileReference; lastKnownFileType = folder.assetcatalog; path = Images.xcassets; sourceTree = "<group>"; };
		3EBFF2A41B7491C200A4AADD /* Base */ = {isa = PBXFileReference; lastKnownFileType = file.xib; name = Base; path = Base.lproj/LaunchScreen.xib; sourceTree = "<group>"; };
		3EBFF2AA1B7491C200A4AADD /* ImageDemoTests.xctest */ = {isa = PBXFileReference; explicitFileType = wrapper.cfbundle; includeInIndex = 0; path = ImageDemoTests.xctest; sourceTree = BUILT_PRODUCTS_DIR; };
		3EBFF2AF1B7491C200A4AADD /* Info.plist */ = {isa = PBXFileReference; lastKnownFileType = text.plist.xml; path = Info.plist; sourceTree = "<group>"; };
		3EBFF2B01B7491C200A4AADD /* ImageDemoTests.m */ = {isa = PBXFileReference; lastKnownFileType = sourcecode.c.objc; path = ImageDemoTests.m; sourceTree = "<group>"; };
		3EBFF2BB1B74942300A4AADD /* MKAnnotationView+WebCache.h */ = {isa = PBXFileReference; fileEncoding = 4; lastKnownFileType = sourcecode.c.h; path = "MKAnnotationView+WebCache.h"; sourceTree = "<group>"; };
		3EBFF2BC1B74942300A4AADD /* MKAnnotationView+WebCache.m */ = {isa = PBXFileReference; fileEncoding = 4; lastKnownFileType = sourcecode.c.objc; path = "MKAnnotationView+WebCache.m"; sourceTree = "<group>"; };
		3EBFF2BD1B74942300A4AADD /* NSData+ImageContentType.h */ = {isa = PBXFileReference; fileEncoding = 4; lastKnownFileType = sourcecode.c.h; path = "NSData+ImageContentType.h"; sourceTree = "<group>"; };
		3EBFF2BE1B74942300A4AADD /* NSData+ImageContentType.m */ = {isa = PBXFileReference; fileEncoding = 4; lastKnownFileType = sourcecode.c.objc; path = "NSData+ImageContentType.m"; sourceTree = "<group>"; };
		3EBFF2BF1B74942300A4AADD /* SDImageCache.h */ = {isa = PBXFileReference; fileEncoding = 4; lastKnownFileType = sourcecode.c.h; path = SDImageCache.h; sourceTree = "<group>"; };
		3EBFF2C01B74942300A4AADD /* SDImageCache.m */ = {isa = PBXFileReference; fileEncoding = 4; lastKnownFileType = sourcecode.c.objc; path = SDImageCache.m; sourceTree = "<group>"; };
		3EBFF2C11B74942300A4AADD /* SDWebImageCompat.h */ = {isa = PBXFileReference; fileEncoding = 4; lastKnownFileType = sourcecode.c.h; path = SDWebImageCompat.h; sourceTree = "<group>"; };
		3EBFF2C21B74942300A4AADD /* SDWebImageCompat.m */ = {isa = PBXFileReference; fileEncoding = 4; lastKnownFileType = sourcecode.c.objc; path = SDWebImageCompat.m; sourceTree = "<group>"; };
		3EBFF2C31B74942300A4AADD /* SDWebImageDecoder.h */ = {isa = PBXFileReference; fileEncoding = 4; lastKnownFileType = sourcecode.c.h; path = SDWebImageDecoder.h; sourceTree = "<group>"; };
		3EBFF2C41B74942300A4AADD /* SDWebImageDecoder.m */ = {isa = PBXFileReference; fileEncoding = 4; lastKnownFileType = sourcecode.c.objc; path = SDWebImageDecoder.m; sourceTree = "<group>"; };
		3EBFF2C51B74942300A4AADD /* SDWebImageDownloader.h */ = {isa = PBXFileReference; fileEncoding = 4; lastKnownFileType = sourcecode.c.h; path = SDWebImageDownloader.h; sourceTree = "<group>"; };
		3EBFF2C61B74942300A4AADD /* SDWebImageDownloader.m */ = {isa = PBXFileReference; fileEncoding = 4; lastKnownFileType = sourcecode.c.objc; path = SDWebImageDownloader.m; sourceTree = "<group>"; };
		3EBFF2C71B74942300A4AADD /* SDWebImageDownloaderOperation.h */ = {isa = PBXFileReference; fileEncoding = 4; lastKnownFileType = sourcecode.c.h; path = SDWebImageDownloaderOperation.h; sourceTree = "<group>"; };
		3EBFF2C81B74942300A4AADD /* SDWebImageDownloaderOperation.m */ = {isa = PBXFileReference; fileEncoding = 4; lastKnownFileType = sourcecode.c.objc; path = SDWebImageDownloaderOperation.m; sourceTree = "<group>"; };
		3EBFF2C91B74942300A4AADD /* SDWebImageManager.h */ = {isa = PBXFileReference; fileEncoding = 4; lastKnownFileType = sourcecode.c.h; path = SDWebImageManager.h; sourceTree = "<group>"; };
		3EBFF2CA1B74942300A4AADD /* SDWebImageManager.m */ = {isa = PBXFileReference; fileEncoding = 4; lastKnownFileType = sourcecode.c.objc; path = SDWebImageManager.m; sourceTree = "<group>"; };
		3EBFF2CB1B74942300A4AADD /* SDWebImageOperation.h */ = {isa = PBXFileReference; fileEncoding = 4; lastKnownFileType = sourcecode.c.h; path = SDWebImageOperation.h; sourceTree = "<group>"; };
		3EBFF2CC1B74942300A4AADD /* SDWebImagePrefetcher.h */ = {isa = PBXFileReference; fileEncoding = 4; lastKnownFileType = sourcecode.c.h; path = SDWebImagePrefetcher.h; sourceTree = "<group>"; };
		3EBFF2CD1B74942300A4AADD /* SDWebImagePrefetcher.m */ = {isa = PBXFileReference; fileEncoding = 4; lastKnownFileType = sourcecode.c.objc; path = SDWebImagePrefetcher.m; sourceTree = "<group>"; };
		3EBFF2CE1B74942300A4AADD /* UIButton+WebCache.h */ = {isa = PBXFileReference; fileEncoding = 4; lastKnownFileType = sourcecode.c.h; path = "UIButton+WebCache.h"; sourceTree = "<group>"; };
		3EBFF2CF1B74942300A4AADD /* UIButton+WebCache.m */ = {isa = PBXFileReference; fileEncoding = 4; lastKnownFileType = sourcecode.c.objc; path = "UIButton+WebCache.m"; sourceTree = "<group>"; };
		3EBFF2D01B74942300A4AADD /* UIImage+GIF.h */ = {isa = PBXFileReference; fileEncoding = 4; lastKnownFileType = sourcecode.c.h; path = "UIImage+GIF.h"; sourceTree = "<group>"; };
		3EBFF2D11B74942300A4AADD /* UIImage+GIF.m */ = {isa = PBXFileReference; fileEncoding = 4; lastKnownFileType = sourcecode.c.objc; path = "UIImage+GIF.m"; sourceTree = "<group>"; };
		3EBFF2D21B74942300A4AADD /* UIImage+MultiFormat.h */ = {isa = PBXFileReference; fileEncoding = 4; lastKnownFileType = sourcecode.c.h; path = "UIImage+MultiFormat.h"; sourceTree = "<group>"; };
		3EBFF2D31B74942300A4AADD /* UIImage+MultiFormat.m */ = {isa = PBXFileReference; fileEncoding = 4; lastKnownFileType = sourcecode.c.objc; path = "UIImage+MultiFormat.m"; sourceTree = "<group>"; };
		3EBFF2D41B74942300A4AADD /* UIImage+WebP.h */ = {isa = PBXFileReference; fileEncoding = 4; lastKnownFileType = sourcecode.c.h; path = "UIImage+WebP.h"; sourceTree = "<group>"; };
		3EBFF2D51B74942300A4AADD /* UIImage+WebP.m */ = {isa = PBXFileReference; fileEncoding = 4; lastKnownFileType = sourcecode.c.objc; path = "UIImage+WebP.m"; sourceTree = "<group>"; };
		3EBFF2D61B74942300A4AADD /* UIImageView+HighlightedWebCache.h */ = {isa = PBXFileReference; fileEncoding = 4; lastKnownFileType = sourcecode.c.h; path = "UIImageView+HighlightedWebCache.h"; sourceTree = "<group>"; };
		3EBFF2D71B74942300A4AADD /* UIImageView+HighlightedWebCache.m */ = {isa = PBXFileReference; fileEncoding = 4; lastKnownFileType = sourcecode.c.objc; path = "UIImageView+HighlightedWebCache.m"; sourceTree = "<group>"; };
		3EBFF2D81B74942300A4AADD /* UIImageView+WebCache.h */ = {isa = PBXFileReference; fileEncoding = 4; lastKnownFileType = sourcecode.c.h; path = "UIImageView+WebCache.h"; sourceTree = "<group>"; };
		3EBFF2D91B74942300A4AADD /* UIImageView+WebCache.m */ = {isa = PBXFileReference; fileEncoding = 4; lastKnownFileType = sourcecode.c.objc; path = "UIImageView+WebCache.m"; sourceTree = "<group>"; };
		3EBFF2DA1B74942300A4AADD /* UIView+WebCacheOperation.h */ = {isa = PBXFileReference; fileEncoding = 4; lastKnownFileType = sourcecode.c.h; path = "UIView+WebCacheOperation.h"; sourceTree = "<group>"; };
		3EBFF2DB1B74942300A4AADD /* UIView+WebCacheOperation.m */ = {isa = PBXFileReference; fileEncoding = 4; lastKnownFileType = sourcecode.c.objc; path = "UIView+WebCacheOperation.m"; sourceTree = "<group>"; };
		3EBFF2EC1B74A59C00A4AADD /* ImageDemo-Bridging-Header.h */ = {isa = PBXFileReference; lastKnownFileType = sourcecode.c.h; path = "ImageDemo-Bridging-Header.h"; sourceTree = "<group>"; };
		3EBFF2ED1B74A59D00A4AADD /* SlideImage.swift */ = {isa = PBXFileReference; fileEncoding = 4; lastKnownFileType = sourcecode.swift; path = SlideImage.swift; sourceTree = "<group>"; };
		3EBFF2EF1B74A85800A4AADD /* UIImageCollectionView.h */ = {isa = PBXFileReference; fileEncoding = 4; lastKnownFileType = sourcecode.c.h; path = UIImageCollectionView.h; sourceTree = "<group>"; };
		3EBFF2F01B74A85800A4AADD /* UIImageCollectionView.m */ = {isa = PBXFileReference; fileEncoding = 4; lastKnownFileType = sourcecode.c.objc; path = UIImageCollectionView.m; sourceTree = "<group>"; };
		3EFDF3771B79B76F008990E1 /* none_photo.png */ = {isa = PBXFileReference; lastKnownFileType = image.png; path = none_photo.png; sourceTree = "<group>"; };
/* End PBXFileReference section */

/* Begin PBXFrameworksBuildPhase section */
		3EBFF28E1B7491C200A4AADD /* Frameworks */ = {
			isa = PBXFrameworksBuildPhase;
			buildActionMask = 2147483647;
			files = (
			);
			runOnlyForDeploymentPostprocessing = 0;
		};
		3EBFF2A71B7491C200A4AADD /* Frameworks */ = {
			isa = PBXFrameworksBuildPhase;
			buildActionMask = 2147483647;
			files = (
			);
			runOnlyForDeploymentPostprocessing = 0;
		};
/* End PBXFrameworksBuildPhase section */

/* Begin PBXGroup section */
		3EBFF2881B7491C200A4AADD = {
			isa = PBXGroup;
			children = (
				3EBFF2931B7491C200A4AADD /* ImageDemo */,
				3EBFF2AD1B7491C200A4AADD /* ImageDemoTests */,
				3EBFF2921B7491C200A4AADD /* Products */,
			);
			sourceTree = "<group>";
		};
		3EBFF2921B7491C200A4AADD /* Products */ = {
			isa = PBXGroup;
			children = (
				3EBFF2911B7491C200A4AADD /* ImageDemo.app */,
				3EBFF2AA1B7491C200A4AADD /* ImageDemoTests.xctest */,
			);
			name = Products;
			sourceTree = "<group>";
		};
		3EBFF2931B7491C200A4AADD /* ImageDemo */ = {
			isa = PBXGroup;
			children = (
				3EFDF3771B79B76F008990E1 /* none_photo.png */,
				3EBFF2ED1B74A59D00A4AADD /* SlideImage.swift */,
				3EBFF2BA1B74942300A4AADD /* SDWebImage */,
				3EBFF2981B7491C200A4AADD /* AppDelegate.h */,
				3EBFF2991B7491C200A4AADD /* AppDelegate.m */,
				3EBFF29B1B7491C200A4AADD /* ViewController.h */,
				3EBFF29C1B7491C200A4AADD /* ViewController.m */,
				3EBFF2EF1B74A85800A4AADD /* UIImageCollectionView.h */,
				3EBFF2F01B74A85800A4AADD /* UIImageCollectionView.m */,
				3EBD69EB1B7D7CD600C5B976 /* ImageSharedManager.h */,
				3EBD69EC1B7D7CD600C5B976 /* ImageSharedManager.m */,
				3EBFF29E1B7491C200A4AADD /* Main.storyboard */,
				3EBFF2A11B7491C200A4AADD /* Images.xcassets */,
				3EBFF2A31B7491C200A4AADD /* LaunchScreen.xib */,
				3EBFF2941B7491C200A4AADD /* Supporting Files */,
				3EBFF2EC1B74A59C00A4AADD /* ImageDemo-Bridging-Header.h */,
			);
			path = ImageDemo;
			sourceTree = "<group>";
		};
		3EBFF2941B7491C200A4AADD /* Supporting Files */ = {
			isa = PBXGroup;
			children = (
				3EBFF2951B7491C200A4AADD /* Info.plist */,
				3EBFF2961B7491C200A4AADD /* main.m */,
			);
			name = "Supporting Files";
			sourceTree = "<group>";
		};
		3EBFF2AD1B7491C200A4AADD /* ImageDemoTests */ = {
			isa = PBXGroup;
			children = (
				3EBFF2B01B7491C200A4AADD /* ImageDemoTests.m */,
				3EBFF2AE1B7491C200A4AADD /* Supporting Files */,
			);
			path = ImageDemoTests;
			sourceTree = "<group>";
		};
		3EBFF2AE1B7491C200A4AADD /* Supporting Files */ = {
			isa = PBXGroup;
			children = (
				3EBFF2AF1B7491C200A4AADD /* Info.plist */,
			);
			name = "Supporting Files";
			sourceTree = "<group>";
		};
		3EBFF2BA1B74942300A4AADD /* SDWebImage */ = {
			isa = PBXGroup;
			children = (
				3EBFF2BB1B74942300A4AADD /* MKAnnotationView+WebCache.h */,
				3EBFF2BC1B74942300A4AADD /* MKAnnotationView+WebCache.m */,
				3EBFF2BD1B74942300A4AADD /* NSData+ImageContentType.h */,
				3EBFF2BE1B74942300A4AADD /* NSData+ImageContentType.m */,
				3EBFF2BF1B74942300A4AADD /* SDImageCache.h */,
				3EBFF2C01B74942300A4AADD /* SDImageCache.m */,
				3EBFF2C11B74942300A4AADD /* SDWebImageCompat.h */,
				3EBFF2C21B74942300A4AADD /* SDWebImageCompat.m */,
				3EBFF2C31B74942300A4AADD /* SDWebImageDecoder.h */,
				3EBFF2C41B74942300A4AADD /* SDWebImageDecoder.m */,
				3EBFF2C51B74942300A4AADD /* SDWebImageDownloader.h */,
				3EBFF2C61B74942300A4AADD /* SDWebImageDownloader.m */,
				3EBFF2C71B74942300A4AADD /* SDWebImageDownloaderOperation.h */,
				3EBFF2C81B74942300A4AADD /* SDWebImageDownloaderOperation.m */,
				3EBFF2C91B74942300A4AADD /* SDWebImageManager.h */,
				3EBFF2CA1B74942300A4AADD /* SDWebImageManager.m */,
				3EBFF2CB1B74942300A4AADD /* SDWebImageOperation.h */,
				3EBFF2CC1B74942300A4AADD /* SDWebImagePrefetcher.h */,
				3EBFF2CD1B74942300A4AADD /* SDWebImagePrefetcher.m */,
				3EBFF2CE1B74942300A4AADD /* UIButton+WebCache.h */,
				3EBFF2CF1B74942300A4AADD /* UIButton+WebCache.m */,
				3EBFF2D01B74942300A4AADD /* UIImage+GIF.h */,
				3EBFF2D11B74942300A4AADD /* UIImage+GIF.m */,
				3EBFF2D21B74942300A4AADD /* UIImage+MultiFormat.h */,
				3EBFF2D31B74942300A4AADD /* UIImage+MultiFormat.m */,
				3EBFF2D41B74942300A4AADD /* UIImage+WebP.h */,
				3EBFF2D51B74942300A4AADD /* UIImage+WebP.m */,
				3EBFF2D61B74942300A4AADD /* UIImageView+HighlightedWebCache.h */,
				3EBFF2D71B74942300A4AADD /* UIImageView+HighlightedWebCache.m */,
				3EBFF2D81B74942300A4AADD /* UIImageView+WebCache.h */,
				3EBFF2D91B74942300A4AADD /* UIImageView+WebCache.m */,
				3EBFF2DA1B74942300A4AADD /* UIView+WebCacheOperation.h */,
				3EBFF2DB1B74942300A4AADD /* UIView+WebCacheOperation.m */,
			);
			path = SDWebImage;
			sourceTree = "<group>";
		};
/* End PBXGroup section */

/* Begin PBXNativeTarget section */
		3EBFF2901B7491C200A4AADD /* ImageDemo */ = {
			isa = PBXNativeTarget;
			buildConfigurationList = 3EBFF2B41B7491C200A4AADD /* Build configuration list for PBXNativeTarget "ImageDemo" */;
			buildPhases = (
				3EBFF28D1B7491C200A4AADD /* Sources */,
				3EBFF28E1B7491C200A4AADD /* Frameworks */,
				3EBFF28F1B7491C200A4AADD /* Resources */,
			);
			buildRules = (
			);
			dependencies = (
			);
			name = ImageDemo;
			productName = ImageDemo;
			productReference = 3EBFF2911B7491C200A4AADD /* ImageDemo.app */;
			productType = "com.apple.product-type.application";
		};
		3EBFF2A91B7491C200A4AADD /* ImageDemoTests */ = {
			isa = PBXNativeTarget;
			buildConfigurationList = 3EBFF2B71B7491C200A4AADD /* Build configuration list for PBXNativeTarget "ImageDemoTests" */;
			buildPhases = (
				3EBFF2A61B7491C200A4AADD /* Sources */,
				3EBFF2A71B7491C200A4AADD /* Frameworks */,
				3EBFF2A81B7491C200A4AADD /* Resources */,
			);
			buildRules = (
			);
			dependencies = (
				3EBFF2AC1B7491C200A4AADD /* PBXTargetDependency */,
			);
			name = ImageDemoTests;
			productName = ImageDemoTests;
			productReference = 3EBFF2AA1B7491C200A4AADD /* ImageDemoTests.xctest */;
			productType = "com.apple.product-type.bundle.unit-test";
		};
/* End PBXNativeTarget section */

/* Begin PBXProject section */
		3EBFF2891B7491C200A4AADD /* Project object */ = {
			isa = PBXProject;
			attributes = {
				LastUpgradeCheck = 0630;
				ORGANIZATIONNAME = Kosign;
				TargetAttributes = {
					3EBFF2901B7491C200A4AADD = {
						CreatedOnToolsVersion = 6.3.1;
					};
					3EBFF2A91B7491C200A4AADD = {
						CreatedOnToolsVersion = 6.3.1;
						TestTargetID = 3EBFF2901B7491C200A4AADD;
					};
				};
			};
			buildConfigurationList = 3EBFF28C1B7491C200A4AADD /* Build configuration list for PBXProject "ImageDemo" */;
			compatibilityVersion = "Xcode 3.2";
			developmentRegion = English;
			hasScannedForEncodings = 0;
			knownRegions = (
				en,
				Base,
			);
			mainGroup = 3EBFF2881B7491C200A4AADD;
			productRefGroup = 3EBFF2921B7491C200A4AADD /* Products */;
			projectDirPath = "";
			projectRoot = "";
			targets = (
				3EBFF2901B7491C200A4AADD /* ImageDemo */,
				3EBFF2A91B7491C200A4AADD /* ImageDemoTests */,
			);
		};
/* End PBXProject section */

/* Begin PBXResourcesBuildPhase section */
		3EBFF28F1B7491C200A4AADD /* Resources */ = {
			isa = PBXResourcesBuildPhase;
			buildActionMask = 2147483647;
			files = (
				3EBFF2A01B7491C200A4AADD /* Main.storyboard in Resources */,
				3EBFF2A51B7491C200A4AADD /* LaunchScreen.xib in Resources */,
				3EFDF3781B79B76F008990E1 /* none_photo.png in Resources */,
				3EBFF2A21B7491C200A4AADD /* Images.xcassets in Resources */,
			);
			runOnlyForDeploymentPostprocessing = 0;
		};
		3EBFF2A81B7491C200A4AADD /* Resources */ = {
			isa = PBXResourcesBuildPhase;
			buildActionMask = 2147483647;
			files = (
			);
			runOnlyForDeploymentPostprocessing = 0;
		};
/* End PBXResourcesBuildPhase section */

/* Begin PBXSourcesBuildPhase section */
		3EBFF28D1B7491C200A4AADD /* Sources */ = {
			isa = PBXSourcesBuildPhase;
			buildActionMask = 2147483647;
			files = (
				3EBFF2E91B74942300A4AADD /* UIImageView+HighlightedWebCache.m in Sources */,
				3EBFF2DD1B74942300A4AADD /* NSData+ImageContentType.m in Sources */,
				3EBFF2F11B74A85800A4AADD /* UIImageCollectionView.m in Sources */,
				3EBFF2E31B74942300A4AADD /* SDWebImageManager.m in Sources */,
				3EBFF2E11B74942300A4AADD /* SDWebImageDownloader.m in Sources */,
				3EBD69ED1B7D7CD600C5B976 /* ImageSharedManager.m in Sources */,
				3EBFF2E81B74942300A4AADD /* UIImage+WebP.m in Sources */,
				3EBFF2EB1B74942300A4AADD /* UIView+WebCacheOperation.m in Sources */,
				3EBFF2DE1B74942300A4AADD /* SDImageCache.m in Sources */,
				3EBFF2EE1B74A59D00A4AADD /* SlideImage.swift in Sources */,
				3EBFF29D1B7491C200A4AADD /* ViewController.m in Sources */,
				3EBFF2DC1B74942300A4AADD /* MKAnnotationView+WebCache.m in Sources */,
				3EBFF2E01B74942300A4AADD /* SDWebImageDecoder.m in Sources */,
				3EBFF2E71B74942300A4AADD /* UIImage+MultiFormat.m in Sources */,
				3EBFF2E21B74942300A4AADD /* SDWebImageDownloaderOperation.m in Sources */,
				3EBFF29A1B7491C200A4AADD /* AppDelegate.m in Sources */,
				3EBFF2E51B74942300A4AADD /* UIButton+WebCache.m in Sources */,
				3EBFF2E41B74942300A4AADD /* SDWebImagePrefetcher.m in Sources */,
				3EBFF2EA1B74942300A4AADD /* UIImageView+WebCache.m in Sources */,
				3EBFF2DF1B74942300A4AADD /* SDWebImageCompat.m in Sources */,
				3EBFF2E61B74942300A4AADD /* UIImage+GIF.m in Sources */,
				3EBFF2971B7491C200A4AADD /* main.m in Sources */,
			);
			runOnlyForDeploymentPostprocessing = 0;
		};
		3EBFF2A61B7491C200A4AADD /* Sources */ = {
			isa = PBXSourcesBuildPhase;
			buildActionMask = 2147483647;
			files = (
				3EBFF2B11B7491C200A4AADD /* ImageDemoTests.m in Sources */,
			);
			runOnlyForDeploymentPostprocessing = 0;
		};
/* End PBXSourcesBuildPhase section */

/* Begin PBXTargetDependency section */
		3EBFF2AC1B7491C200A4AADD /* PBXTargetDependency */ = {
			isa = PBXTargetDependency;
			target = 3EBFF2901B7491C200A4AADD /* ImageDemo */;
			targetProxy = 3EBFF2AB1B7491C200A4AADD /* PBXContainerItemProxy */;
		};
/* End PBXTargetDependency section */

/* Begin PBXVariantGroup section */
		3EBFF29E1B7491C200A4AADD /* Main.storyboard */ = {
			isa = PBXVariantGroup;
			children = (
				3EBFF29F1B7491C200A4AADD /* Base */,
			);
			name = Main.storyboard;
			sourceTree = "<group>";
		};
		3EBFF2A31B7491C200A4AADD /* LaunchScreen.xib */ = {
			isa = PBXVariantGroup;
			children = (
				3EBFF2A41B7491C200A4AADD /* Base */,
			);
			name = LaunchScreen.xib;
			sourceTree = "<group>";
		};
/* End PBXVariantGroup section */

/* Begin XCBuildConfiguration section */
		3EBFF2B21B7491C200A4AADD /* Debug */ = {
			isa = XCBuildConfiguration;
			buildSettings = {
				ALWAYS_SEARCH_USER_PATHS = NO;
				CLANG_CXX_LANGUAGE_STANDARD = "gnu++0x";
				CLANG_CXX_LIBRARY = "libc++";
				CLANG_ENABLE_MODULES = YES;
				CLANG_ENABLE_OBJC_ARC = YES;
				CLANG_WARN_BOOL_CONVERSION = YES;
				CLANG_WARN_CONSTANT_CONVERSION = YES;
				CLANG_WARN_DIRECT_OBJC_ISA_USAGE = YES_ERROR;
				CLANG_WARN_EMPTY_BODY = YES;
				CLANG_WARN_ENUM_CONVERSION = YES;
				CLANG_WARN_INT_CONVERSION = YES;
				CLANG_WARN_OBJC_ROOT_CLASS = YES_ERROR;
				CLANG_WARN_UNREACHABLE_CODE = YES;
				CLANG_WARN__DUPLICATE_METHOD_MATCH = YES;
				"CODE_SIGN_IDENTITY[sdk=iphoneos*]" = "iPhone Developer";
				COPY_PHASE_STRIP = NO;
				DEBUG_INFORMATION_FORMAT = "dwarf-with-dsym";
				ENABLE_STRICT_OBJC_MSGSEND = YES;
				GCC_C_LANGUAGE_STANDARD = gnu99;
				GCC_DYNAMIC_NO_PIC = NO;
				GCC_NO_COMMON_BLOCKS = YES;
				GCC_OPTIMIZATION_LEVEL = 0;
				GCC_PREPROCESSOR_DEFINITIONS = (
					"DEBUG=1",
					"$(inherited)",
				);
				GCC_SYMBOLS_PRIVATE_EXTERN = NO;
				GCC_WARN_64_TO_32_BIT_CONVERSION = YES;
				GCC_WARN_ABOUT_RETURN_TYPE = YES_ERROR;
				GCC_WARN_UNDECLARED_SELECTOR = YES;
				GCC_WARN_UNINITIALIZED_AUTOS = YES_AGGRESSIVE;
				GCC_WARN_UNUSED_FUNCTION = YES;
				GCC_WARN_UNUSED_VARIABLE = YES;
				IPHONEOS_DEPLOYMENT_TARGET = 8.3;
				MTL_ENABLE_DEBUG_INFO = YES;
				ONLY_ACTIVE_ARCH = YES;
				SDKROOT = iphoneos;
			};
			name = Debug;
		};
		3EBFF2B31B7491C200A4AADD /* Release */ = {
			isa = XCBuildConfiguration;
			buildSettings = {
				ALWAYS_SEARCH_USER_PATHS = NO;
				CLANG_CXX_LANGUAGE_STANDARD = "gnu++0x";
				CLANG_CXX_LIBRARY = "libc++";
				CLANG_ENABLE_MODULES = YES;
				CLANG_ENABLE_OBJC_ARC = YES;
				CLANG_WARN_BOOL_CONVERSION = YES;
				CLANG_WARN_CONSTANT_CONVERSION = YES;
				CLANG_WARN_DIRECT_OBJC_ISA_USAGE = YES_ERROR;
				CLANG_WARN_EMPTY_BODY = YES;
				CLANG_WARN_ENUM_CONVERSION = YES;
				CLANG_WARN_INT_CONVERSION = YES;
				CLANG_WARN_OBJC_ROOT_CLASS = YES_ERROR;
				CLANG_WARN_UNREACHABLE_CODE = YES;
				CLANG_WARN__DUPLICATE_METHOD_MATCH = YES;
				"CODE_SIGN_IDENTITY[sdk=iphoneos*]" = "iPhone Developer";
				COPY_PHASE_STRIP = NO;
				DEBUG_INFORMATION_FORMAT = "dwarf-with-dsym";
				ENABLE_NS_ASSERTIONS = NO;
				ENABLE_STRICT_OBJC_MSGSEND = YES;
				GCC_C_LANGUAGE_STANDARD = gnu99;
				GCC_NO_COMMON_BLOCKS = YES;
				GCC_WARN_64_TO_32_BIT_CONVERSION = YES;
				GCC_WARN_ABOUT_RETURN_TYPE = YES_ERROR;
				GCC_WARN_UNDECLARED_SELECTOR = YES;
				GCC_WARN_UNINITIALIZED_AUTOS = YES_AGGRESSIVE;
				GCC_WARN_UNUSED_FUNCTION = YES;
				GCC_WARN_UNUSED_VARIABLE = YES;
				IPHONEOS_DEPLOYMENT_TARGET = 8.3;
				MTL_ENABLE_DEBUG_INFO = NO;
				SDKROOT = iphoneos;
				VALIDATE_PRODUCT = YES;
			};
			name = Release;
		};
		3EBFF2B51B7491C200A4AADD /* Debug */ = {
			isa = XCBuildConfiguration;
			buildSettings = {
				ASSETCATALOG_COMPILER_APPICON_NAME = AppIcon;
				CLANG_ENABLE_MODULES = YES;
				DEFINES_MODULE = NO;
				EMBEDDED_CONTENT_CONTAINS_SWIFT = NO;
				INFOPLIST_FILE = ImageDemo/Info.plist;
				LD_RUNPATH_SEARCH_PATHS = "$(inherited) @executable_path/Frameworks";
				PRODUCT_NAME = "$(TARGET_NAME)";
				SWIFT_OBJC_BRIDGING_HEADER = "ImageDemo/ImageDemo-Bridging-Header.h";
				SWIFT_OPTIMIZATION_LEVEL = "-Onone";
			};
			name = Debug;
		};
		3EBFF2B61B7491C200A4AADD /* Release */ = {
			isa = XCBuildConfiguration;
			buildSettings = {
				ASSETCATALOG_COMPILER_APPICON_NAME = AppIcon;
				CLANG_ENABLE_MODULES = YES;
				DEFINES_MODULE = NO;
				EMBEDDED_CONTENT_CONTAINS_SWIFT = NO;
				INFOPLIST_FILE = ImageDemo/Info.plist;
				LD_RUNPATH_SEARCH_PATHS = "$(inherited) @executable_path/Frameworks";
				PRODUCT_NAME = "$(TARGET_NAME)";
				SWIFT_OBJC_BRIDGING_HEADER = "ImageDemo/ImageDemo-Bridging-Header.h";
			};
			name = Release;
		};
		3EBFF2B81B7491C200A4AADD /* Debug */ = {
			isa = XCBuildConfiguration;
			buildSettings = {
				BUNDLE_LOADER = "$(TEST_HOST)";
				FRAMEWORK_SEARCH_PATHS = (
					"$(SDKROOT)/Developer/Library/Frameworks",
					"$(inherited)",
				);
				GCC_PREPROCESSOR_DEFINITIONS = (
					"DEBUG=1",
					"$(inherited)",
				);
				INFOPLIST_FILE = ImageDemoTests/Info.plist;
				LD_RUNPATH_SEARCH_PATHS = "$(inherited) @executable_path/Frameworks @loader_path/Frameworks";
				PRODUCT_NAME = "$(TARGET_NAME)";
				TEST_HOST = "$(BUILT_PRODUCTS_DIR)/ImageDemo.app/ImageDemo";
			};
			name = Debug;
		};
		3EBFF2B91B7491C200A4AADD /* Release */ = {
			isa = XCBuildConfiguration;
			buildSettings = {
				BUNDLE_LOADER = "$(TEST_HOST)";
				FRAMEWORK_SEARCH_PATHS = (
					"$(SDKROOT)/Developer/Library/Frameworks",
					"$(inherited)",
				);
				INFOPLIST_FILE = ImageDemoTests/Info.plist;
				LD_RUNPATH_SEARCH_PATHS = "$(inherited) @executable_path/Frameworks @loader_path/Frameworks";
				PRODUCT_NAME = "$(TARGET_NAME)";
				TEST_HOST = "$(BUILT_PRODUCTS_DIR)/ImageDemo.app/ImageDemo";
			};
			name = Release;
		};
/* End XCBuildConfiguration section */

/* Begin XCConfigurationList section */
		3EBFF28C1B7491C200A4AADD /* Build configuration list for PBXProject "ImageDemo" */ = {
			isa = XCConfigurationList;
			buildConfigurations = (
				3EBFF2B21B7491C200A4AADD /* Debug */,
				3EBFF2B31B7491C200A4AADD /* Release */,
			);
			defaultConfigurationIsVisible = 0;
			defaultConfigurationName = Release;
		};
		3EBFF2B41B7491C200A4AADD /* Build configuration list for PBXNativeTarget "ImageDemo" */ = {
			isa = XCConfigurationList;
			buildConfigurations = (
				3EBFF2B51B7491C200A4AADD /* Debug */,
				3EBFF2B61B7491C200A4AADD /* Release */,
			);
			defaultConfigurationIsVisible = 0;
			defaultConfigurationName = Release;
		};
		3EBFF2B71B7491C200A4AADD /* Build configuration list for PBXNativeTarget "ImageDemoTests" */ = {
			isa = XCConfigurationList;
			buildConfigurations = (
				3EBFF2B81B7491C200A4AADD /* Debug */,
				3EBFF2B91B7491C200A4AADD /* Release */,
			);
			defaultConfigurationIsVisible = 0;
			defaultConfigurationName = Release;
		};
/* End XCConfigurationList section */
	};
	rootObject = 3EBFF2891B7491C200A4AADD /* Project object */;
}
